{
  "version": 4,
  "terraform_version": "1.2.7",
  "serial": 72,
  "lineage": "c2a28eff-a101-17f6-55de-f9d09dd2fc82",
  "outputs": {
    "endpoint": {
      "value": "https://8B5EE2D56154123F7DD98A2A8D97B6B8.gr7.us-east-1.eks.amazonaws.com",
      "type": "string"
    },
    "kubeconfig-certificate-authority-data": {
      "value": "LS0tLS1CRUdJTiBDRVJUSUZJQ0FURS0tLS0tCk1JSUMvakNDQWVhZ0F3SUJBZ0lCQURBTkJna3Foa2lHOXcwQkFRc0ZBREFWTVJNd0VRWURWUVFERXdwcmRXSmwKY201bGRHVnpNQjRYRFRJeU1EZ3lOVEV3TWpneU9Wb1hEVE15TURneU1qRXdNamd5T1Zvd0ZURVRNQkVHQTFVRQpBeE1LYTNWaVpYSnVaWFJsY3pDQ0FTSXdEUVlKS29aSWh2Y05BUUVCQlFBRGdnRVBBRENDQVFvQ2dnRUJBS2JiClMxSUlMc0Z4T2doWUllUGlSc3NGc001d2s0a0l4MXVKK01RalpaZmh3WnlscW85T2x0TTF4S1I1WXZSYXBSQ2oKUHdEY3VPS0I0Q21CbmxuWnhaNndwWEVHakV4SjIrYU1BN012TTlWd3hYWmpHazI3ZWJiRGJGSDJlMERqVTRmNQpHSWlFdHVtRlJhUUl5SktnSEloMy9OMWsrQVJteXBqRFFOTUcwRTE1R1dBSWJuYWp3SjQxWmQrTk9GeDhpTnJmCmYzV1Z1UmVCWHhOakRSdEdnNmsxU1dlZDRpVm9sczFIR0lPSm1NU2VKS3JJN0hRczF2cmUwK2N3QUd2Njg0Vk8KN0pYZEdnZHpTYXlSK0x0R2RIMTYyVmRXcVhJNm9OK05US0lrbTlidWM2YStRcGdObVVkQ0VGWFJLY0hDTExvbApoUldybWNiWmZPNEZtOEYyM29VQ0F3RUFBYU5aTUZjd0RnWURWUjBQQVFIL0JBUURBZ0trTUE4R0ExVWRFd0VCCi93UUZNQU1CQWY4d0hRWURWUjBPQkJZRUZMWmhoWlN2NlhSK2JIMmd6UFAyZ2UvSjlPVXpNQlVHQTFVZEVRUU8KTUF5Q0NtdDFZbVZ5Ym1WMFpYTXdEUVlKS29aSWh2Y05BUUVMQlFBRGdnRUJBSWpVWHVsVDd1Y0hPK0djYWxXSwpPUDlRQXVnZ05PeVJNbEZDU2ltakhybWlEOWxKdmFoNkNkUTdmcm9zcUJTNDdwUVVGd3ZQTkk4S2VvNXVCemI4CmpCcnRFc1JxeFpnaVNiZEtKNGZoNVdIdzliYnFlYUg3Q0FIUW41Y2tvbXNDbzJOeFpEWVp1WDI2cW5RTDJQeEgKWk1ENjZxbjFKNTBMbnQ1QVVUSG5LNUowbzZiOUhIT1FONzN2bjFnQ21PeFpWYTVGWFZpNk53ZUZMd25aZ3ZNdAo1Qk5aNlYweTNKUzJPNWMzTTlDblVKMmxhY2dDcjRLMnpwbEtvbDhiNlZNU005THhzc3ZxLzlQTlV0N0FDaU1QCjZ2ZmE0N3ZRd2R5dVBabE9ucVV1bkh6bEJmV0hkR3B5Vmt5djNCd1RoYXN2WGtkanBvT0FkZnp2TGwzbk1Bc0sKZGp3PQotLS0tLUVORCBDRVJUSUZJQ0FURS0tLS0tCg==",
      "type": "string"
    }
  },
  "resources": [
    {
      "mode": "data",
      "type": "aws_iam_role",
      "name": "AmazonEKSNodeRole",
      "provider": "provider[\"registry.terraform.io/hashicorp/aws\"]",
      "instances": [
        {
          "schema_version": 0,
          "attributes": {
            "arn": "arn:aws:iam::818341956246:role/AmazonEKSNodeRole",
            "assume_role_policy": "{\"Version\":\"2012-10-17\",\"Statement\":[{\"Effect\":\"Allow\",\"Principal\":{\"Service\":\"ec2.amazonaws.com\"},\"Action\":\"sts:AssumeRole\"}]}",
            "create_date": "2022-08-13T08:56:50Z",
            "description": "Allows EC2 instances to call AWS services on your behalf.",
            "id": "AmazonEKSNodeRole",
            "max_session_duration": 3600,
            "name": "AmazonEKSNodeRole",
            "path": "/",
            "permissions_boundary": "",
            "tags": {},
            "unique_id": "AROA35CH3JKLMKUWCAQ5Q"
          },
          "sensitive_attributes": []
        }
      ]
    },
    {
      "mode": "data",
      "type": "aws_iam_role",
      "name": "EksServiceRole",
      "provider": "provider[\"registry.terraform.io/hashicorp/aws\"]",
      "instances": [
        {
          "schema_version": 0,
          "attributes": {
            "arn": "arn:aws:iam::818341956246:role/EksServiceRole",
            "assume_role_policy": "{\"Version\":\"2012-10-17\",\"Statement\":[{\"Effect\":\"Allow\",\"Principal\":{\"Service\":\"eks.amazonaws.com\"},\"Action\":\"sts:AssumeRole\"}]}",
            "create_date": "2022-08-12T16:59:20Z",
            "description": "Allows access to other AWS service resources that are required to operate clusters managed by EKS.",
            "id": "EksServiceRole",
            "max_session_duration": 3600,
            "name": "EksServiceRole",
            "path": "/",
            "permissions_boundary": "",
            "tags": {},
            "unique_id": "AROA35CH3JKLPAS5KUIFC"
          },
          "sensitive_attributes": []
        }
      ]
    },
    {
      "mode": "managed",
      "type": "aws_eip",
      "name": "lb",
      "provider": "provider[\"registry.terraform.io/hashicorp/aws\"]",
      "instances": [
        {
          "schema_version": 0,
          "attributes": {
            "address": null,
            "allocation_id": "eipalloc-074d828b0dc0b57fc",
            "associate_with_private_ip": null,
            "association_id": "eipassoc-000f6438a8a4c2c4d",
            "carrier_ip": "",
            "customer_owned_ip": "",
            "customer_owned_ipv4_pool": "",
            "domain": "vpc",
            "id": "eipalloc-074d828b0dc0b57fc",
            "instance": "",
            "network_border_group": "us-east-1",
            "network_interface": "eni-0aa017dc11f82b6a6",
            "private_dns": "ip-10-0-1-124.ec2.internal",
            "private_ip": "10.0.1.124",
            "public_dns": "ec2-54-209-152-35.compute-1.amazonaws.com",
            "public_ip": "54.209.152.35",
            "public_ipv4_pool": "amazon",
            "tags": {
              "Name": "Terraform elastic ip"
            },
            "tags_all": {
              "Name": "Terraform elastic ip"
            },
            "timeouts": null,
            "vpc": true
          },
          "sensitive_attributes": [],
          "private": "eyJlMmJmYjczMC1lY2FhLTExZTYtOGY4OC0zNDM2M2JjN2M0YzAiOnsiZGVsZXRlIjoxODAwMDAwMDAwMDAsInJlYWQiOjkwMDAwMDAwMDAwMCwidXBkYXRlIjozMDAwMDAwMDAwMDB9fQ=="
        }
      ]
    },
    {
      "mode": "managed",
      "type": "aws_eks_cluster",
      "name": "Terraform_EKS_Cluster",
      "provider": "provider[\"registry.terraform.io/hashicorp/aws\"]",
      "instances": [
        {
          "schema_version": 0,
          "attributes": {
            "arn": "arn:aws:eks:us-east-1:818341956246:cluster/Terraform_EKS_Cluster",
            "certificate_authority": [
              {
                "data": "LS0tLS1CRUdJTiBDRVJUSUZJQ0FURS0tLS0tCk1JSUMvakNDQWVhZ0F3SUJBZ0lCQURBTkJna3Foa2lHOXcwQkFRc0ZBREFWTVJNd0VRWURWUVFERXdwcmRXSmwKY201bGRHVnpNQjRYRFRJeU1EZ3lOVEV3TWpneU9Wb1hEVE15TURneU1qRXdNamd5T1Zvd0ZURVRNQkVHQTFVRQpBeE1LYTNWaVpYSnVaWFJsY3pDQ0FTSXdEUVlKS29aSWh2Y05BUUVCQlFBRGdnRVBBRENDQVFvQ2dnRUJBS2JiClMxSUlMc0Z4T2doWUllUGlSc3NGc001d2s0a0l4MXVKK01RalpaZmh3WnlscW85T2x0TTF4S1I1WXZSYXBSQ2oKUHdEY3VPS0I0Q21CbmxuWnhaNndwWEVHakV4SjIrYU1BN012TTlWd3hYWmpHazI3ZWJiRGJGSDJlMERqVTRmNQpHSWlFdHVtRlJhUUl5SktnSEloMy9OMWsrQVJteXBqRFFOTUcwRTE1R1dBSWJuYWp3SjQxWmQrTk9GeDhpTnJmCmYzV1Z1UmVCWHhOakRSdEdnNmsxU1dlZDRpVm9sczFIR0lPSm1NU2VKS3JJN0hRczF2cmUwK2N3QUd2Njg0Vk8KN0pYZEdnZHpTYXlSK0x0R2RIMTYyVmRXcVhJNm9OK05US0lrbTlidWM2YStRcGdObVVkQ0VGWFJLY0hDTExvbApoUldybWNiWmZPNEZtOEYyM29VQ0F3RUFBYU5aTUZjd0RnWURWUjBQQVFIL0JBUURBZ0trTUE4R0ExVWRFd0VCCi93UUZNQU1CQWY4d0hRWURWUjBPQkJZRUZMWmhoWlN2NlhSK2JIMmd6UFAyZ2UvSjlPVXpNQlVHQTFVZEVRUU8KTUF5Q0NtdDFZbVZ5Ym1WMFpYTXdEUVlKS29aSWh2Y05BUUVMQlFBRGdnRUJBSWpVWHVsVDd1Y0hPK0djYWxXSwpPUDlRQXVnZ05PeVJNbEZDU2ltakhybWlEOWxKdmFoNkNkUTdmcm9zcUJTNDdwUVVGd3ZQTkk4S2VvNXVCemI4CmpCcnRFc1JxeFpnaVNiZEtKNGZoNVdIdzliYnFlYUg3Q0FIUW41Y2tvbXNDbzJOeFpEWVp1WDI2cW5RTDJQeEgKWk1ENjZxbjFKNTBMbnQ1QVVUSG5LNUowbzZiOUhIT1FONzN2bjFnQ21PeFpWYTVGWFZpNk53ZUZMd25aZ3ZNdAo1Qk5aNlYweTNKUzJPNWMzTTlDblVKMmxhY2dDcjRLMnpwbEtvbDhiNlZNU005THhzc3ZxLzlQTlV0N0FDaU1QCjZ2ZmE0N3ZRd2R5dVBabE9ucVV1bkh6bEJmV0hkR3B5Vmt5djNCd1RoYXN2WGtkanBvT0FkZnp2TGwzbk1Bc0sKZGp3PQotLS0tLUVORCBDRVJUSUZJQ0FURS0tLS0tCg=="
              }
            ],
            "created_at": "2022-08-25 10:21:59.555 +0000 UTC",
            "enabled_cluster_log_types": [],
            "encryption_config": [],
            "endpoint": "https://8B5EE2D56154123F7DD98A2A8D97B6B8.gr7.us-east-1.eks.amazonaws.com",
            "id": "Terraform_EKS_Cluster",
            "identity": [
              {
                "oidc": [
                  {
                    "issuer": "https://oidc.eks.us-east-1.amazonaws.com/id/8B5EE2D56154123F7DD98A2A8D97B6B8"
                  }
                ]
              }
            ],
            "kubernetes_network_config": [
              {
                "ip_family": "ipv4",
                "service_ipv4_cidr": "172.20.0.0/16"
              }
            ],
            "name": "Terraform_EKS_Cluster",
            "platform_version": "eks.5",
            "role_arn": "arn:aws:iam::818341956246:role/EksServiceRole",
            "status": "ACTIVE",
            "tags": {},
            "tags_all": {},
            "timeouts": null,
            "version": "1.22",
            "vpc_config": [
              {
                "cluster_security_group_id": "sg-09eb73ad68e6173fa",
                "endpoint_private_access": false,
                "endpoint_public_access": true,
                "public_access_cidrs": [
                  "0.0.0.0/0"
                ],
                "security_group_ids": [],
                "subnet_ids": [
                  "subnet-0217fcac9424cad13",
                  "subnet-051e25350a05fc405",
                  "subnet-07912916ee757c05d",
                  "subnet-08e9d3ed4779239c6"
                ],
                "vpc_id": "vpc-0f28dd59d1dfef7d7"
              }
            ]
          },
          "sensitive_attributes": [],
          "private": "eyJlMmJmYjczMC1lY2FhLTExZTYtOGY4OC0zNDM2M2JjN2M0YzAiOnsiY3JlYXRlIjoxODAwMDAwMDAwMDAwLCJkZWxldGUiOjkwMDAwMDAwMDAwMCwidXBkYXRlIjozNjAwMDAwMDAwMDAwfX0=",
          "dependencies": [
            "aws_subnet.private_subnet_1",
            "aws_subnet.private_subnet_2",
            "aws_subnet.public_subnet_1",
            "aws_subnet.public_subnet_2",
            "aws_vpc.Terraform_provisioned_vpc",
            "data.aws_iam_role.EksServiceRole"
          ]
        }
      ]
    },
    {
      "mode": "managed",
      "type": "aws_eks_node_group",
      "name": "Terraform_EKS_Cluster_Node_group",
      "provider": "provider[\"registry.terraform.io/hashicorp/aws\"]",
      "instances": [
        {
          "schema_version": 0,
          "attributes": {
            "ami_type": "AL2_x86_64",
            "arn": "arn:aws:eks:us-east-1:818341956246:nodegroup/Terraform_EKS_Cluster/Terraform_EKS_Cluster_Node_group/70c16a49-95c0-eb00-3fed-28f533ec9fd0",
            "capacity_type": "ON_DEMAND",
            "cluster_name": "Terraform_EKS_Cluster",
            "disk_size": 20,
            "force_update_version": false,
            "id": "Terraform_EKS_Cluster:Terraform_EKS_Cluster_Node_group",
            "instance_types": [
              "t3.medium"
            ],
            "labels": {
              "role": "AmazonEKSNodeRole"
            },
            "launch_template": [],
            "node_group_name": "Terraform_EKS_Cluster_Node_group",
            "node_group_name_prefix": "",
            "node_role_arn": "arn:aws:iam::818341956246:role/AmazonEKSNodeRole",
            "release_version": "1.22.12-20220811",
            "remote_access": [],
            "resources": [
              {
                "autoscaling_groups": [
                  {
                    "name": "eks-Terraform_EKS_Cluster_Node_group-70c16a49-95c0-eb00-3fed-28f533ec9fd0"
                  }
                ],
                "remote_access_security_group_id": ""
              }
            ],
            "scaling_config": [
              {
                "desired_size": 1,
                "max_size": 2,
                "min_size": 1
              }
            ],
            "status": "ACTIVE",
            "subnet_ids": [
              "subnet-051e25350a05fc405",
              "subnet-07912916ee757c05d"
            ],
            "tags": null,
            "tags_all": {},
            "taint": [],
            "timeouts": null,
            "update_config": [
              {
                "max_unavailable": 2,
                "max_unavailable_percentage": 0
              }
            ],
            "version": "1.22"
          },
          "sensitive_attributes": [],
          "private": "eyJlMmJmYjczMC1lY2FhLTExZTYtOGY4OC0zNDM2M2JjN2M0YzAiOnsiY3JlYXRlIjozNjAwMDAwMDAwMDAwLCJkZWxldGUiOjM2MDAwMDAwMDAwMDAsInVwZGF0ZSI6MzYwMDAwMDAwMDAwMH19",
          "dependencies": [
            "aws_eks_cluster.Terraform_EKS_Cluster",
            "aws_subnet.private_subnet_1",
            "aws_subnet.private_subnet_2",
            "data.aws_iam_role.AmazonEKSNodeRole"
          ]
        }
      ]
    },
    {
      "mode": "managed",
      "type": "aws_internet_gateway",
      "name": "Terraform_igw",
      "provider": "provider[\"registry.terraform.io/hashicorp/aws\"]",
      "instances": [
        {
          "schema_version": 0,
          "attributes": {
            "arn": "arn:aws:ec2:us-east-1:818341956246:internet-gateway/igw-0f69a6a9e481a1508",
            "id": "igw-0f69a6a9e481a1508",
            "owner_id": "818341956246",
            "tags": {
              "Name": "Terraform_provisioned_vpc internet gateway"
            },
            "tags_all": {
              "Name": "Terraform_provisioned_vpc internet gateway"
            },
            "timeouts": null,
            "vpc_id": "vpc-0f28dd59d1dfef7d7"
          },
          "sensitive_attributes": [],
          "private": "eyJlMmJmYjczMC1lY2FhLTExZTYtOGY4OC0zNDM2M2JjN2M0YzAiOnsiY3JlYXRlIjoxMjAwMDAwMDAwMDAwLCJkZWxldGUiOjEyMDAwMDAwMDAwMDAsInVwZGF0ZSI6MTIwMDAwMDAwMDAwMH19",
          "dependencies": [
            "aws_vpc.Terraform_provisioned_vpc"
          ]
        }
      ]
    },
    {
      "mode": "managed",
      "type": "aws_nat_gateway",
      "name": "NatGateway",
      "provider": "provider[\"registry.terraform.io/hashicorp/aws\"]",
      "instances": [
        {
          "schema_version": 0,
          "attributes": {
            "allocation_id": "eipalloc-074d828b0dc0b57fc",
            "connectivity_type": "public",
            "id": "nat-0c8f01aef4e360479",
            "network_interface_id": "eni-0aa017dc11f82b6a6",
            "private_ip": "10.0.1.124",
            "public_ip": "54.209.152.35",
            "subnet_id": "subnet-08e9d3ed4779239c6",
            "tags": {
              "Name": "gw NAT"
            },
            "tags_all": {
              "Name": "gw NAT"
            }
          },
          "sensitive_attributes": [],
          "private": "bnVsbA==",
          "dependencies": [
            "aws_eip.lb",
            "aws_internet_gateway.Terraform_igw",
            "aws_subnet.public_subnet_1",
            "aws_vpc.Terraform_provisioned_vpc"
          ]
        }
      ]
    },
    {
      "mode": "managed",
      "type": "aws_route",
      "name": "private_route",
      "provider": "provider[\"registry.terraform.io/hashicorp/aws\"]",
      "instances": [
        {
          "schema_version": 0,
          "attributes": {
            "carrier_gateway_id": "",
            "core_network_arn": "",
            "destination_cidr_block": "0.0.0.0/0",
            "destination_ipv6_cidr_block": "",
            "destination_prefix_list_id": "",
            "egress_only_gateway_id": "",
            "gateway_id": "",
            "id": "r-rtb-05e14ce88633e87c51080289494",
            "instance_id": "",
            "instance_owner_id": "",
            "local_gateway_id": "",
            "nat_gateway_id": "nat-0c8f01aef4e360479",
            "network_interface_id": "",
            "origin": "CreateRoute",
            "route_table_id": "rtb-05e14ce88633e87c5",
            "state": "active",
            "timeouts": null,
            "transit_gateway_id": "",
            "vpc_endpoint_id": "",
            "vpc_peering_connection_id": ""
          },
          "sensitive_attributes": [],
          "private": "eyJlMmJmYjczMC1lY2FhLTExZTYtOGY4OC0zNDM2M2JjN2M0YzAiOnsiY3JlYXRlIjozMDAwMDAwMDAwMDAsImRlbGV0ZSI6MzAwMDAwMDAwMDAwLCJ1cGRhdGUiOjEyMDAwMDAwMDAwMH19",
          "dependencies": [
            "aws_nat_gateway.NatGateway",
            "aws_route_table.Terraform_Private_route_table",
            "aws_route_table.Terraform_Public_route_table"
          ]
        }
      ]
    },
    {
      "mode": "managed",
      "type": "aws_route",
      "name": "public_route",
      "provider": "provider[\"registry.terraform.io/hashicorp/aws\"]",
      "instances": [
        {
          "schema_version": 0,
          "attributes": {
            "carrier_gateway_id": "",
            "core_network_arn": "",
            "destination_cidr_block": "0.0.0.0/0",
            "destination_ipv6_cidr_block": "",
            "destination_prefix_list_id": "",
            "egress_only_gateway_id": "",
            "gateway_id": "igw-0f69a6a9e481a1508",
            "id": "r-rtb-002495f74e72516701080289494",
            "instance_id": "",
            "instance_owner_id": "",
            "local_gateway_id": "",
            "nat_gateway_id": "",
            "network_interface_id": "",
            "origin": "CreateRoute",
            "route_table_id": "rtb-002495f74e7251670",
            "state": "active",
            "timeouts": null,
            "transit_gateway_id": "",
            "vpc_endpoint_id": "",
            "vpc_peering_connection_id": ""
          },
          "sensitive_attributes": [],
          "private": "eyJlMmJmYjczMC1lY2FhLTExZTYtOGY4OC0zNDM2M2JjN2M0YzAiOnsiY3JlYXRlIjozMDAwMDAwMDAwMDAsImRlbGV0ZSI6MzAwMDAwMDAwMDAwLCJ1cGRhdGUiOjEyMDAwMDAwMDAwMH19",
          "dependencies": [
            "aws_internet_gateway.Terraform_igw",
            "aws_route_table.Terraform_Public_route_table",
            "aws_vpc.Terraform_provisioned_vpc"
          ]
        }
      ]
    },
    {
      "mode": "managed",
      "type": "aws_route_table",
      "name": "Terraform_Private_route_table",
      "provider": "provider[\"registry.terraform.io/hashicorp/aws\"]",
      "instances": [
        {
          "schema_version": 0,
          "attributes": {
            "arn": "arn:aws:ec2:us-east-1:818341956246:route-table/rtb-05e14ce88633e87c5",
            "id": "rtb-05e14ce88633e87c5",
            "owner_id": "818341956246",
            "propagating_vgws": [],
            "route": [
              {
                "carrier_gateway_id": "",
                "cidr_block": "0.0.0.0/0",
                "core_network_arn": "",
                "destination_prefix_list_id": "",
                "egress_only_gateway_id": "",
                "gateway_id": "",
                "instance_id": "",
                "ipv6_cidr_block": "",
                "local_gateway_id": "",
                "nat_gateway_id": "nat-0c8f01aef4e360479",
                "network_interface_id": "",
                "transit_gateway_id": "",
                "vpc_endpoint_id": "",
                "vpc_peering_connection_id": ""
              }
            ],
            "tags": {
              "Name": "Terraform_provisioned_vpc Private route table"
            },
            "tags_all": {
              "Name": "Terraform_provisioned_vpc Private route table"
            },
            "timeouts": null,
            "vpc_id": "vpc-0f28dd59d1dfef7d7"
          },
          "sensitive_attributes": [],
          "private": "eyJlMmJmYjczMC1lY2FhLTExZTYtOGY4OC0zNDM2M2JjN2M0YzAiOnsiY3JlYXRlIjozMDAwMDAwMDAwMDAsImRlbGV0ZSI6MzAwMDAwMDAwMDAwLCJ1cGRhdGUiOjEyMDAwMDAwMDAwMH19",
          "dependencies": [
            "aws_vpc.Terraform_provisioned_vpc"
          ]
        }
      ]
    },
    {
      "mode": "managed",
      "type": "aws_route_table",
      "name": "Terraform_Public_route_table",
      "provider": "provider[\"registry.terraform.io/hashicorp/aws\"]",
      "instances": [
        {
          "schema_version": 0,
          "attributes": {
            "arn": "arn:aws:ec2:us-east-1:818341956246:route-table/rtb-002495f74e7251670",
            "id": "rtb-002495f74e7251670",
            "owner_id": "818341956246",
            "propagating_vgws": [],
            "route": [
              {
                "carrier_gateway_id": "",
                "cidr_block": "0.0.0.0/0",
                "core_network_arn": "",
                "destination_prefix_list_id": "",
                "egress_only_gateway_id": "",
                "gateway_id": "igw-0f69a6a9e481a1508",
                "instance_id": "",
                "ipv6_cidr_block": "",
                "local_gateway_id": "",
                "nat_gateway_id": "",
                "network_interface_id": "",
                "transit_gateway_id": "",
                "vpc_endpoint_id": "",
                "vpc_peering_connection_id": ""
              }
            ],
            "tags": {
              "Name": "Terraform_provisioned_vpc Public route table"
            },
            "tags_all": {
              "Name": "Terraform_provisioned_vpc Public route table"
            },
            "timeouts": null,
            "vpc_id": "vpc-0f28dd59d1dfef7d7"
          },
          "sensitive_attributes": [],
          "private": "eyJlMmJmYjczMC1lY2FhLTExZTYtOGY4OC0zNDM2M2JjN2M0YzAiOnsiY3JlYXRlIjozMDAwMDAwMDAwMDAsImRlbGV0ZSI6MzAwMDAwMDAwMDAwLCJ1cGRhdGUiOjEyMDAwMDAwMDAwMH19",
          "dependencies": [
            "aws_vpc.Terraform_provisioned_vpc"
          ]
        }
      ]
    },
    {
      "mode": "managed",
      "type": "aws_route_table_association",
      "name": "Terraform_private_rt_assoc",
      "provider": "provider[\"registry.terraform.io/hashicorp/aws\"]",
      "instances": [
        {
          "schema_version": 0,
          "attributes": {
            "gateway_id": "",
            "id": "rtbassoc-0b1288456b235c4ac",
            "route_table_id": "rtb-05e14ce88633e87c5",
            "subnet_id": "subnet-051e25350a05fc405"
          },
          "sensitive_attributes": [],
          "private": "bnVsbA==",
          "dependencies": [
            "aws_route_table.Terraform_Private_route_table",
            "aws_subnet.private_subnet_1",
            "aws_vpc.Terraform_provisioned_vpc"
          ]
        }
      ]
    },
    {
      "mode": "managed",
      "type": "aws_route_table_association",
      "name": "Terraform_private_rt_assoc_us_east_1b",
      "provider": "provider[\"registry.terraform.io/hashicorp/aws\"]",
      "instances": [
        {
          "schema_version": 0,
          "attributes": {
            "gateway_id": "",
            "id": "rtbassoc-0d93cb48933d92024",
            "route_table_id": "rtb-05e14ce88633e87c5",
            "subnet_id": "subnet-07912916ee757c05d"
          },
          "sensitive_attributes": [],
          "private": "bnVsbA==",
          "dependencies": [
            "aws_route_table.Terraform_Private_route_table",
            "aws_subnet.private_subnet_2",
            "aws_vpc.Terraform_provisioned_vpc"
          ]
        }
      ]
    },
    {
      "mode": "managed",
      "type": "aws_route_table_association",
      "name": "Terraform_public_rt_assoc_us_east_1a",
      "provider": "provider[\"registry.terraform.io/hashicorp/aws\"]",
      "instances": [
        {
          "schema_version": 0,
          "attributes": {
            "gateway_id": "",
            "id": "rtbassoc-07a7b627ad625a802",
            "route_table_id": "rtb-002495f74e7251670",
            "subnet_id": "subnet-08e9d3ed4779239c6"
          },
          "sensitive_attributes": [],
          "private": "bnVsbA==",
          "dependencies": [
            "aws_route_table.Terraform_Public_route_table",
            "aws_subnet.public_subnet_1",
            "aws_vpc.Terraform_provisioned_vpc"
          ]
        }
      ]
    },
    {
      "mode": "managed",
      "type": "aws_route_table_association",
      "name": "Terraform_public_rt_assoc_us_east_1b",
      "provider": "provider[\"registry.terraform.io/hashicorp/aws\"]",
      "instances": [
        {
          "schema_version": 0,
          "attributes": {
            "gateway_id": "",
            "id": "rtbassoc-0c4125b9770d53bcf",
            "route_table_id": "rtb-002495f74e7251670",
            "subnet_id": "subnet-0217fcac9424cad13"
          },
          "sensitive_attributes": [],
          "private": "bnVsbA==",
          "dependencies": [
            "aws_route_table.Terraform_Public_route_table",
            "aws_subnet.public_subnet_2",
            "aws_vpc.Terraform_provisioned_vpc"
          ]
        }
      ]
    },
    {
      "mode": "managed",
      "type": "aws_security_group",
      "name": "private_sec_group",
      "provider": "provider[\"registry.terraform.io/hashicorp/aws\"]",
      "instances": [
        {
          "schema_version": 1,
          "attributes": {
            "arn": "arn:aws:ec2:us-east-1:818341956246:security-group/sg-0a03546be50e09ccb",
            "description": "Allow TLS inbound traffic",
            "egress": [
              {
                "cidr_blocks": [
                  "0.0.0.0/0"
                ],
                "description": "",
                "from_port": 0,
                "ipv6_cidr_blocks": [],
                "prefix_list_ids": [],
                "protocol": "-1",
                "security_groups": [],
                "self": false,
                "to_port": 0
              }
            ],
            "id": "sg-0a03546be50e09ccb",
            "ingress": [
              {
                "cidr_blocks": [
                  "10.0.0.0/16"
                ],
                "description": "",
                "from_port": 0,
                "ipv6_cidr_blocks": [],
                "prefix_list_ids": [],
                "protocol": "tcp",
                "security_groups": [],
                "self": false,
                "to_port": 65535
              }
            ],
            "name": "Terraform_provisioned_vpc private security group",
            "name_prefix": "",
            "owner_id": "818341956246",
            "revoke_rules_on_delete": false,
            "tags": {
              "Name": "allow_tls"
            },
            "tags_all": {
              "Name": "allow_tls"
            },
            "timeouts": null,
            "vpc_id": "vpc-0f28dd59d1dfef7d7"
          },
          "sensitive_attributes": [],
          "private": "eyJlMmJmYjczMC1lY2FhLTExZTYtOGY4OC0zNDM2M2JjN2M0YzAiOnsiY3JlYXRlIjo2MDAwMDAwMDAwMDAsImRlbGV0ZSI6OTAwMDAwMDAwMDAwfSwic2NoZW1hX3ZlcnNpb24iOiIxIn0=",
          "dependencies": [
            "aws_vpc.Terraform_provisioned_vpc"
          ]
        }
      ]
    },
    {
      "mode": "managed",
      "type": "aws_security_group",
      "name": "public_sec_group",
      "provider": "provider[\"registry.terraform.io/hashicorp/aws\"]",
      "instances": [
        {
          "schema_version": 1,
          "attributes": {
            "arn": "arn:aws:ec2:us-east-1:818341956246:security-group/sg-0107b074a6cb20af4",
            "description": "Allow TLS inbound traffic",
            "egress": [
              {
                "cidr_blocks": [
                  "0.0.0.0/0"
                ],
                "description": "",
                "from_port": 0,
                "ipv6_cidr_blocks": [],
                "prefix_list_ids": [],
                "protocol": "-1",
                "security_groups": [],
                "self": false,
                "to_port": 0
              }
            ],
            "id": "sg-0107b074a6cb20af4",
            "ingress": [
              {
                "cidr_blocks": [
                  "10.0.0.0/16",
                  "0.0.0.0/0"
                ],
                "description": "",
                "from_port": 0,
                "ipv6_cidr_blocks": [],
                "prefix_list_ids": [],
                "protocol": "-1",
                "security_groups": [],
                "self": false,
                "to_port": 0
              }
            ],
            "name": "Terraform_provisioned_vpc public security group",
            "name_prefix": "",
            "owner_id": "818341956246",
            "revoke_rules_on_delete": false,
            "tags": {
              "Name": "allow_tls"
            },
            "tags_all": {
              "Name": "allow_tls"
            },
            "timeouts": null,
            "vpc_id": "vpc-0f28dd59d1dfef7d7"
          },
          "sensitive_attributes": [],
          "private": "eyJlMmJmYjczMC1lY2FhLTExZTYtOGY4OC0zNDM2M2JjN2M0YzAiOnsiY3JlYXRlIjo2MDAwMDAwMDAwMDAsImRlbGV0ZSI6OTAwMDAwMDAwMDAwfSwic2NoZW1hX3ZlcnNpb24iOiIxIn0=",
          "dependencies": [
            "aws_vpc.Terraform_provisioned_vpc"
          ]
        }
      ]
    },
    {
      "mode": "managed",
      "type": "aws_security_group_rule",
      "name": "private_inbound",
      "provider": "provider[\"registry.terraform.io/hashicorp/aws\"]",
      "instances": [
        {
          "schema_version": 2,
          "attributes": {
            "cidr_blocks": [
              "10.0.0.0/16"
            ],
            "description": "",
            "from_port": 0,
            "id": "sgrule-642687489",
            "ipv6_cidr_blocks": null,
            "prefix_list_ids": null,
            "protocol": "tcp",
            "security_group_id": "sg-0a03546be50e09ccb",
            "self": false,
            "source_security_group_id": null,
            "timeouts": null,
            "to_port": 65535,
            "type": "ingress"
          },
          "sensitive_attributes": [],
          "private": "eyJlMmJmYjczMC1lY2FhLTExZTYtOGY4OC0zNDM2M2JjN2M0YzAiOnsiY3JlYXRlIjozMDAwMDAwMDAwMDB9LCJzY2hlbWFfdmVyc2lvbiI6IjIifQ==",
          "dependencies": [
            "aws_security_group.private_sec_group",
            "aws_vpc.Terraform_provisioned_vpc"
          ]
        }
      ]
    },
    {
      "mode": "managed",
      "type": "aws_security_group_rule",
      "name": "private_outbound",
      "provider": "provider[\"registry.terraform.io/hashicorp/aws\"]",
      "instances": [
        {
          "schema_version": 2,
          "attributes": {
            "cidr_blocks": [
              "0.0.0.0/0"
            ],
            "description": "",
            "from_port": 0,
            "id": "sgrule-1538258921",
            "ipv6_cidr_blocks": null,
            "prefix_list_ids": null,
            "protocol": "-1",
            "security_group_id": "sg-0a03546be50e09ccb",
            "self": false,
            "source_security_group_id": null,
            "timeouts": null,
            "to_port": 0,
            "type": "egress"
          },
          "sensitive_attributes": [],
          "private": "eyJlMmJmYjczMC1lY2FhLTExZTYtOGY4OC0zNDM2M2JjN2M0YzAiOnsiY3JlYXRlIjozMDAwMDAwMDAwMDB9LCJzY2hlbWFfdmVyc2lvbiI6IjIifQ==",
          "dependencies": [
            "aws_security_group.private_sec_group",
            "aws_vpc.Terraform_provisioned_vpc"
          ]
        }
      ]
    },
    {
      "mode": "managed",
      "type": "aws_security_group_rule",
      "name": "public_inbound",
      "provider": "provider[\"registry.terraform.io/hashicorp/aws\"]",
      "instances": [
        {
          "schema_version": 2,
          "attributes": {
            "cidr_blocks": [
              "10.0.0.0/16",
              "0.0.0.0/0"
            ],
            "description": "",
            "from_port": 0,
            "id": "sgrule-3107422548",
            "ipv6_cidr_blocks": null,
            "prefix_list_ids": null,
            "protocol": "-1",
            "security_group_id": "sg-0107b074a6cb20af4",
            "self": false,
            "source_security_group_id": null,
            "timeouts": null,
            "to_port": 0,
            "type": "ingress"
          },
          "sensitive_attributes": [],
          "private": "eyJlMmJmYjczMC1lY2FhLTExZTYtOGY4OC0zNDM2M2JjN2M0YzAiOnsiY3JlYXRlIjozMDAwMDAwMDAwMDB9LCJzY2hlbWFfdmVyc2lvbiI6IjIifQ==",
          "dependencies": [
            "aws_security_group.public_sec_group",
            "aws_vpc.Terraform_provisioned_vpc"
          ]
        }
      ]
    },
    {
      "mode": "managed",
      "type": "aws_security_group_rule",
      "name": "public_outbound",
      "provider": "provider[\"registry.terraform.io/hashicorp/aws\"]",
      "instances": [
        {
          "schema_version": 2,
          "attributes": {
            "cidr_blocks": [
              "0.0.0.0/0"
            ],
            "description": "",
            "from_port": 0,
            "id": "sgrule-2121795929",
            "ipv6_cidr_blocks": null,
            "prefix_list_ids": null,
            "protocol": "-1",
            "security_group_id": "sg-0107b074a6cb20af4",
            "self": false,
            "source_security_group_id": null,
            "timeouts": null,
            "to_port": 0,
            "type": "egress"
          },
          "sensitive_attributes": [],
          "private": "eyJlMmJmYjczMC1lY2FhLTExZTYtOGY4OC0zNDM2M2JjN2M0YzAiOnsiY3JlYXRlIjozMDAwMDAwMDAwMDB9LCJzY2hlbWFfdmVyc2lvbiI6IjIifQ==",
          "dependencies": [
            "aws_security_group.public_sec_group",
            "aws_vpc.Terraform_provisioned_vpc"
          ]
        }
      ]
    },
    {
      "mode": "managed",
      "type": "aws_subnet",
      "name": "private_subnet_1",
      "provider": "provider[\"registry.terraform.io/hashicorp/aws\"]",
      "instances": [
        {
          "schema_version": 1,
          "attributes": {
            "arn": "arn:aws:ec2:us-east-1:818341956246:subnet/subnet-051e25350a05fc405",
            "assign_ipv6_address_on_creation": false,
            "availability_zone": "us-east-1a",
            "availability_zone_id": "use1-az4",
            "cidr_block": "10.0.32.0/24",
            "customer_owned_ipv4_pool": "",
            "enable_dns64": false,
            "enable_resource_name_dns_a_record_on_launch": false,
            "enable_resource_name_dns_aaaa_record_on_launch": false,
            "id": "subnet-051e25350a05fc405",
            "ipv6_cidr_block": "",
            "ipv6_cidr_block_association_id": "",
            "ipv6_native": false,
            "map_customer_owned_ip_on_launch": false,
            "map_public_ip_on_launch": false,
            "outpost_arn": "",
            "owner_id": "818341956246",
            "private_dns_hostname_type_on_launch": "ip-name",
            "tags": {
              "Name": "Terraform_provisioned_vpc us-east-1a private subnet",
              "kubernetes.io/cluster/Terraform_EKS_Cluster": "shared",
              "kubernetes.io/role/elb": "1"
            },
            "tags_all": {
              "Name": "Terraform_provisioned_vpc us-east-1a private subnet",
              "kubernetes.io/cluster/Terraform_EKS_Cluster": "shared",
              "kubernetes.io/role/elb": "1"
            },
            "timeouts": null,
            "vpc_id": "vpc-0f28dd59d1dfef7d7"
          },
          "sensitive_attributes": [],
          "private": "eyJlMmJmYjczMC1lY2FhLTExZTYtOGY4OC0zNDM2M2JjN2M0YzAiOnsiY3JlYXRlIjo2MDAwMDAwMDAwMDAsImRlbGV0ZSI6MTIwMDAwMDAwMDAwMH0sInNjaGVtYV92ZXJzaW9uIjoiMSJ9",
          "dependencies": [
            "aws_vpc.Terraform_provisioned_vpc"
          ]
        }
      ]
    },
    {
      "mode": "managed",
      "type": "aws_subnet",
      "name": "private_subnet_2",
      "provider": "provider[\"registry.terraform.io/hashicorp/aws\"]",
      "instances": [
        {
          "schema_version": 1,
          "attributes": {
            "arn": "arn:aws:ec2:us-east-1:818341956246:subnet/subnet-07912916ee757c05d",
            "assign_ipv6_address_on_creation": false,
            "availability_zone": "us-east-1b",
            "availability_zone_id": "use1-az6",
            "cidr_block": "10.0.98.0/24",
            "customer_owned_ipv4_pool": "",
            "enable_dns64": false,
            "enable_resource_name_dns_a_record_on_launch": false,
            "enable_resource_name_dns_aaaa_record_on_launch": false,
            "id": "subnet-07912916ee757c05d",
            "ipv6_cidr_block": "",
            "ipv6_cidr_block_association_id": "",
            "ipv6_native": false,
            "map_customer_owned_ip_on_launch": false,
            "map_public_ip_on_launch": false,
            "outpost_arn": "",
            "owner_id": "818341956246",
            "private_dns_hostname_type_on_launch": "ip-name",
            "tags": {
              "Name": "Terraform_provisioned_vpc us-east-1b private subnet",
              "kubernetes.io/cluster/Terraform_EKS_Cluster": "shared",
              "kubernetes.io/role/elb": "1"
            },
            "tags_all": {
              "Name": "Terraform_provisioned_vpc us-east-1b private subnet",
              "kubernetes.io/cluster/Terraform_EKS_Cluster": "shared",
              "kubernetes.io/role/elb": "1"
            },
            "timeouts": null,
            "vpc_id": "vpc-0f28dd59d1dfef7d7"
          },
          "sensitive_attributes": [],
          "private": "eyJlMmJmYjczMC1lY2FhLTExZTYtOGY4OC0zNDM2M2JjN2M0YzAiOnsiY3JlYXRlIjo2MDAwMDAwMDAwMDAsImRlbGV0ZSI6MTIwMDAwMDAwMDAwMH0sInNjaGVtYV92ZXJzaW9uIjoiMSJ9",
          "dependencies": [
            "aws_vpc.Terraform_provisioned_vpc"
          ]
        }
      ]
    },
    {
      "mode": "managed",
      "type": "aws_subnet",
      "name": "public_subnet_1",
      "provider": "provider[\"registry.terraform.io/hashicorp/aws\"]",
      "instances": [
        {
          "schema_version": 1,
          "attributes": {
            "arn": "arn:aws:ec2:us-east-1:818341956246:subnet/subnet-08e9d3ed4779239c6",
            "assign_ipv6_address_on_creation": false,
            "availability_zone": "us-east-1a",
            "availability_zone_id": "use1-az4",
            "cidr_block": "10.0.1.0/24",
            "customer_owned_ipv4_pool": "",
            "enable_dns64": false,
            "enable_resource_name_dns_a_record_on_launch": false,
            "enable_resource_name_dns_aaaa_record_on_launch": false,
            "id": "subnet-08e9d3ed4779239c6",
            "ipv6_cidr_block": "",
            "ipv6_cidr_block_association_id": "",
            "ipv6_native": false,
            "map_customer_owned_ip_on_launch": false,
            "map_public_ip_on_launch": false,
            "outpost_arn": "",
            "owner_id": "818341956246",
            "private_dns_hostname_type_on_launch": "ip-name",
            "tags": {
              "Name": "Terraform_provisioned_vpc us-east-1a public subnet",
              "kubernetes.io/cluster/Terraform_EKS_Cluster": "shared",
              "kubernetes.io/role/elb": "1"
            },
            "tags_all": {
              "Name": "Terraform_provisioned_vpc us-east-1a public subnet",
              "kubernetes.io/cluster/Terraform_EKS_Cluster": "shared",
              "kubernetes.io/role/elb": "1"
            },
            "timeouts": null,
            "vpc_id": "vpc-0f28dd59d1dfef7d7"
          },
          "sensitive_attributes": [],
          "private": "eyJlMmJmYjczMC1lY2FhLTExZTYtOGY4OC0zNDM2M2JjN2M0YzAiOnsiY3JlYXRlIjo2MDAwMDAwMDAwMDAsImRlbGV0ZSI6MTIwMDAwMDAwMDAwMH0sInNjaGVtYV92ZXJzaW9uIjoiMSJ9",
          "dependencies": [
            "aws_vpc.Terraform_provisioned_vpc"
          ]
        }
      ]
    },
    {
      "mode": "managed",
      "type": "aws_subnet",
      "name": "public_subnet_2",
      "provider": "provider[\"registry.terraform.io/hashicorp/aws\"]",
      "instances": [
        {
          "schema_version": 1,
          "attributes": {
            "arn": "arn:aws:ec2:us-east-1:818341956246:subnet/subnet-0217fcac9424cad13",
            "assign_ipv6_address_on_creation": false,
            "availability_zone": "us-east-1b",
            "availability_zone_id": "use1-az6",
            "cidr_block": "10.0.65.0/24",
            "customer_owned_ipv4_pool": "",
            "enable_dns64": false,
            "enable_resource_name_dns_a_record_on_launch": false,
            "enable_resource_name_dns_aaaa_record_on_launch": false,
            "id": "subnet-0217fcac9424cad13",
            "ipv6_cidr_block": "",
            "ipv6_cidr_block_association_id": "",
            "ipv6_native": false,
            "map_customer_owned_ip_on_launch": false,
            "map_public_ip_on_launch": false,
            "outpost_arn": "",
            "owner_id": "818341956246",
            "private_dns_hostname_type_on_launch": "ip-name",
            "tags": {
              "Name": "Terraform_provisioned_vpc us-east-1b public subnet",
              "kubernetes.io/cluster/Terraform_EKS_Cluster": "shared",
              "kubernetes.io/role/elb": "1"
            },
            "tags_all": {
              "Name": "Terraform_provisioned_vpc us-east-1b public subnet",
              "kubernetes.io/cluster/Terraform_EKS_Cluster": "shared",
              "kubernetes.io/role/elb": "1"
            },
            "timeouts": null,
            "vpc_id": "vpc-0f28dd59d1dfef7d7"
          },
          "sensitive_attributes": [],
          "private": "eyJlMmJmYjczMC1lY2FhLTExZTYtOGY4OC0zNDM2M2JjN2M0YzAiOnsiY3JlYXRlIjo2MDAwMDAwMDAwMDAsImRlbGV0ZSI6MTIwMDAwMDAwMDAwMH0sInNjaGVtYV92ZXJzaW9uIjoiMSJ9",
          "dependencies": [
            "aws_vpc.Terraform_provisioned_vpc"
          ]
        }
      ]
    },
    {
      "mode": "managed",
      "type": "aws_vpc",
      "name": "Terraform_provisioned_vpc",
      "provider": "provider[\"registry.terraform.io/hashicorp/aws\"]",
      "instances": [
        {
          "schema_version": 1,
          "attributes": {
            "arn": "arn:aws:ec2:us-east-1:818341956246:vpc/vpc-0f28dd59d1dfef7d7",
            "assign_generated_ipv6_cidr_block": false,
            "cidr_block": "10.0.0.0/16",
            "default_network_acl_id": "acl-02a230cd266a7f201",
            "default_route_table_id": "rtb-09535ba939bd88cc5",
            "default_security_group_id": "sg-0761403c802c0e05d",
            "dhcp_options_id": "dopt-090a01056b561be6b",
            "enable_classiclink": false,
            "enable_classiclink_dns_support": false,
            "enable_dns_hostnames": true,
            "enable_dns_support": true,
            "id": "vpc-0f28dd59d1dfef7d7",
            "instance_tenancy": "default",
            "ipv4_ipam_pool_id": null,
            "ipv4_netmask_length": null,
            "ipv6_association_id": "",
            "ipv6_cidr_block": "",
            "ipv6_cidr_block_network_border_group": "",
            "ipv6_ipam_pool_id": "",
            "ipv6_netmask_length": 0,
            "main_route_table_id": "rtb-09535ba939bd88cc5",
            "owner_id": "818341956246",
            "tags": {
              "Name": "Terraform_provisioned_vpc"
            },
            "tags_all": {
              "Name": "Terraform_provisioned_vpc"
            }
          },
          "sensitive_attributes": [],
          "private": "eyJzY2hlbWFfdmVyc2lvbiI6IjEifQ=="
        }
      ]
    }
  ]
}
